// !$*UTF8*$!
{
	archiveVersion = 1;
	classes = {
	};
	objectVersion = 46;
	objects = {

/* Begin PBXBuildFile section */
		159A69D7140F2C0600704CA6 /* UIKit.framework in Frameworks */ = {isa = PBXBuildFile; fileRef = 159A69D6140F2C0600704CA6 /* UIKit.framework */; };
		159A69D9140F2C0600704CA6 /* Foundation.framework in Frameworks */ = {isa = PBXBuildFile; fileRef = 159A69D8140F2C0600704CA6 /* Foundation.framework */; };
		159A69DB140F2C0600704CA6 /* CoreGraphics.framework in Frameworks */ = {isa = PBXBuildFile; fileRef = 159A69DA140F2C0600704CA6 /* CoreGraphics.framework */; };
		159A69E1140F2C0600704CA6 /* InfoPlist.strings in Resources */ = {isa = PBXBuildFile; fileRef = 159A69DF140F2C0600704CA6 /* InfoPlist.strings */; };
		159A69E4140F2C0600704CA6 /* main.m in Sources */ = {isa = PBXBuildFile; fileRef = 159A69E3140F2C0600704CA6 /* main.m */; };
		159A69E7140F2C0600704CA6 /* SimpleTableAppDelegate.m in Sources */ = {isa = PBXBuildFile; fileRef = 159A69E6140F2C0600704CA6 /* SimpleTableAppDelegate.m */; };
		159A69EA140F2C0600704CA6 /* MainWindow.xib in Resources */ = {isa = PBXBuildFile; fileRef = 159A69E8140F2C0600704CA6 /* MainWindow.xib */; };
		159A69ED140F2C0600704CA6 /* SimpleTableViewController.m in Sources */ = {isa = PBXBuildFile; fileRef = 159A69EC140F2C0600704CA6 /* SimpleTableViewController.m */; };
		159A69F0140F2C0600704CA6 /* SimpleTableViewController.xib in Resources */ = {isa = PBXBuildFile; fileRef = 159A69EE140F2C0600704CA6 /* SimpleTableViewController.xib */; };
/* End PBXBuildFile section */

/* Begin PBXFileReference section */
		159A69D2140F2C0600704CA6 /* SimpleTable.app */ = {isa = PBXFileReference; explicitFileType = wrapper.application; includeInIndex = 0; path = SimpleTable.app; sourceTree = BUILT_PRODUCTS_DIR; };
		159A69D6140F2C0600704CA6 /* UIKit.framework */ = {isa = PBXFileReference; lastKnownFileType = wrapper.framework; name = UIKit.framework; path = System/Library/Frameworks/UIKit.framework; sourceTree = SDKROOT; };
		159A69D8140F2C0600704CA6 /* Foundation.framework */ = {isa = PBXFileReference; lastKnownFileType = wrapper.framework; name = Foundation.framework; path = System/Library/Frameworks/Foundation.framework; sourceTree = SDKROOT; };
		159A69DA140F2C0600704CA6 /* CoreGraphics.framework */ = {isa = PBXFileReference; lastKnownFileType = wrapper.framework; name = CoreGraphics.framework; path = System/Library/Frameworks/CoreGraphics.framework; sourceTree = SDKROOT; };
		159A69DE140F2C0600704CA6 /* SimpleTable-Info.plist */ = {isa = PBXFileReference; lastKnownFileType = text.plist.xml; path = "SimpleTable-Info.plist"; sourceTree = "<group>"; };
		159A69E0140F2C0600704CA6 /* en */ = {isa = PBXFileReference; lastKnownFileType = text.plist.strings; name = en; path = en.lproj/InfoPlist.strings; sourceTree = "<group>"; };
		159A69E2140F2C0600704CA6 /* SimpleTable-Prefix.pch */ = {isa = PBXFileReference; lastKnownFileType = sourcecode.c.h; path = "SimpleTable-Prefix.pch"; sourceTree = "<group>"; };
		159A69E3140F2C0600704CA6 /* main.m */ = {isa = PBXFileReference; lastKnownFileType = sourcecode.c.objc; path = main.m; sourceTree = "<group>"; };
		159A69E5140F2C0600704CA6 /* SimpleTableAppDelegate.h */ = {isa = PBXFileReference; lastKnownFileType = sourcecode.c.h; path = SimpleTableAppDelegate.h; sourceTree = "<group>"; };
		159A69E6140F2C0600704CA6 /* SimpleTableAppDelegate.m */ = {isa = PBXFileReference; lastKnownFileType = sourcecode.c.objc; path = SimpleTableAppDelegate.m; sourceTree = "<group>"; };
		159A69E9140F2C0600704CA6 /* en */ = {isa = PBXFileReference; lastKnownFileType = file.xib; name = en; path = en.lproj/MainWindow.xib; sourceTree = "<group>"; };
		159A69EB140F2C0600704CA6 /* SimpleTableViewController.h */ = {isa = PBXFileReference; lastKnownFileType = sourcecode.c.h; path = SimpleTableViewController.h; sourceTree = "<group>"; };
		159A69EC140F2C0600704CA6 /* SimpleTableViewController.m */ = {isa = PBXFileReference; lastKnownFileType = sourcecode.c.objc; path = SimpleTableViewController.m; sourceTree = "<group>"; };
		159A69EF140F2C0600704CA6 /* en */ = {isa = PBXFileReference; lastKnownFileType = file.xib; name = en; path = en.lproj/SimpleTableViewController.xib; sourceTree = "<group>"; };
/* End PBXFileReference section */

/* Begin PBXFrameworksBuildPhase section */
		159A69CF140F2C0500704CA6 /* Frameworks */ = {
			isa = PBXFrameworksBuildPhase;
			buildActionMask = 2147483647;
			files = (
				159A69D7140F2C0600704CA6 /* UIKit.framework in Frameworks */,
				159A69D9140F2C0600704CA6 /* Foundation.framework in Frameworks */,
				159A69DB140F2C0600704CA6 /* CoreGraphics.framework in Frameworks */,
			);
			runOnlyForDeploymentPostprocessing = 0;
		};
/* End PBXFrameworksBuildPhase section */

/* Begin PBXGroup section */
		159A69C7140F2C0500704CA6 = {
			isa = PBXGroup;
			children = (
				159A69DC140F2C0600704CA6 /* SimpleTable */,
				159A69D5140F2C0600704CA6 /* Frameworks */,
				159A69D3140F2C0600704CA6 /* Products */,
			);
			sourceTree = "<group>";
		};
		159A69D3140F2C0600704CA6 /* Products */ = {
			isa = PBXGroup;
			children = (
				159A69D2140F2C0600704CA6 /* SimpleTable.app */,
			);
			name = Products;
			sourceTree = "<group>";
		};
		159A69D5140F2C0600704CA6 /* Frameworks */ = {
			isa = PBXGroup;
			children = (
				159A69D6140F2C0600704CA6 /* UIKit.framework */,
				159A69D8140F2C0600704CA6 /* Foundation.framework */,
				159A69DA140F2C0600704CA6 /* CoreGraphics.framework */,
			);
			name = Frameworks;
			sourceTree = "<group>";
		};
		159A69DC140F2C0600704CA6 /* SimpleTable */ = {
			isa = PBXGroup;
			children = (
				159A69E5140F2C0600704CA6 /* SimpleTableAppDelegate.h */,
				159A69E6140F2C0600704CA6 /* SimpleTableAppDelegate.m */,
				159A69E8140F2C0600704CA6 /* MainWindow.xib */,
				159A69EB140F2C0600704CA6 /* SimpleTableViewController.h */,
				159A69EC140F2C0600704CA6 /* SimpleTableViewController.m */,
				159A69EE140F2C0600704CA6 /* SimpleTableViewController.xib */,
				159A69DD140F2C0600704CA6 /* Supporting Files */,
			);
			path = SimpleTable;
			sourceTree = "<group>";
		};
		159A69DD140F2C0600704CA6 /* Supporting Files */ = {
			isa = PBXGroup;
			children = (
				159A69DE140F2C0600704CA6 /* SimpleTable-Info.plist */,
				159A69DF140F2C0600704CA6 /* InfoPlist.strings */,
				159A69E2140F2C0600704CA6 /* SimpleTable-Prefix.pch */,
				159A69E3140F2C0600704CA6 /* main.m */,
			);
			name = "Supporting Files";
			sourceTree = "<group>";
		};
/* End PBXGroup section */

/* Begin PBXNativeTarget section */
		159A69D1140F2C0500704CA6 /* SimpleTable */ = {
			isa = PBXNativeTarget;
			buildConfigurationList = 159A69F3140F2C0600704CA6 /* Build configuration list for PBXNativeTarget "SimpleTable" */;
			buildPhases = (
				159A69CE140F2C0500704CA6 /* Sources */,
				159A69CF140F2C0500704CA6 /* Frameworks */,
				159A69D0140F2C0500704CA6 /* Resources */,
			);
			buildRules = (
			);
			dependencies = (
			);
			name = SimpleTable;
			productName = SimpleTable;
			productReference = 159A69D2140F2C0600704CA6 /* SimpleTable.app */;
			productType = "com.apple.product-type.application";
		};
/* End PBXNativeTarget section */

/* Begin PBXProject section */
		159A69C9140F2C0500704CA6 /* Project object */ = {
			isa = PBXProject;
			buildConfigurationList = 159A69CC140F2C0500704CA6 /* Build configuration list for PBXProject "SimpleTable" */;
			compatibilityVersion = "Xcode 3.2";
			developmentRegion = English;
			hasScannedForEncodings = 0;
			knownRegions = (
				en,
			);
			mainGroup = 159A69C7140F2C0500704CA6;
			productRefGroup = 159A69D3140F2C0600704CA6 /* Products */;
			projectDirPath = "";
			projectRoot = "";
			targets = (
				159A69D1140F2C0500704CA6 /* SimpleTable */,
			);
		};
/* End PBXProject section */

/* Begin PBXResourcesBuildPhase section */
		159A69D0140F2C0500704CA6 /* Resources */ = {
			isa = PBXResourcesBuildPhase;
			buildActionMask = 2147483647;
			files = (
				159A69E1140F2C0600704CA6 /* InfoPlist.strings in Resources */,
				159A69EA140F2C0600704CA6 /* MainWindow.xib in Resources */,
				159A69F0140F2C0600704CA6 /* SimpleTableViewController.xib in Resources */,
			);
			runOnlyForDeploymentPostprocessing = 0;
		};
/* End PBXResourcesBuildPhase section */

/* Begin PBXSourcesBuildPhase section */
		159A69CE140F2C0500704CA6 /* Sources */ = {
			isa = PBXSourcesBuildPhase;
			buildActionMask = 2147483647;
			files = (
				159A69E4140F2C0600704CA6 /* main.m in Sources */,
				159A69E7140F2C0600704CA6 /* SimpleTableAppDelegate.m in Sources */,
				159A69ED140F2C0600704CA6 /* SimpleTableViewController.m in Sources */,
			);
			runOnlyForDeploymentPostprocessing = 0;
		};
/* End PBXSourcesBuildPhase section */

/* Begin PBXVariantGroup section */
		159A69DF140F2C0600704CA6 /* InfoPlist.strings */ = {
			isa = PBXVariantGroup;
			children = (
				159A69E0140F2C0600704CA6 /* en */,
			);
			name = InfoPlist.strings;
			sourceTree = "<group>";
		};
		159A69E8140F2C0600704CA6 /* MainWindow.xib */ = {
			isa = PBXVariantGroup;
			children = (
				159A69E9140F2C0600704CA6 /* en */,
			);
			name = MainWindow.xib;
			sourceTree = "<group>";
		};
		159A69EE140F2C0600704CA6 /* SimpleTableViewController.xib */ = {
			isa = PBXVariantGroup;
			children = (
				159A69EF140F2C0600704CA6 /* en */,
			);
			name = SimpleTableViewController.xib;
			sourceTree = "<group>";
		};
/* End PBXVariantGroup section */

/* Begin XCBuildConfiguration section */
		159A69F1140F2C0600704CA6 /* Debug */ = {
			isa = XCBuildConfiguration;
			buildSettings = {
				ARCHS = "$(ARCHS_STANDARD_32_BIT)";
				"CODE_SIGN_IDENTITY[sdk=iphoneos*]" = "iPhone Developer";
				GCC_C_LANGUAGE_STANDARD = gnu99;
				GCC_OPTIMIZATION_LEVEL = 0;
				GCC_PREPROCESSOR_DEFINITIONS = DEBUG;
				GCC_SYMBOLS_PRIVATE_EXTERN = NO;
				GCC_VERSION = com.apple.compilers.llvmgcc42;
				GCC_WARN_ABOUT_RETURN_TYPE = YES;
				GCC_WARN_UNUSED_VARIABLE = YES;
				IPHONEOS_DEPLOYMENT_TARGET = 4.3;
				SDKROOT = iphoneos;
			};
			name = Debug;
		};
		159A69F2140F2C0600704CA6 /* Release */ = {
			isa = XCBuildConfiguration;
			buildSettings = {
				ARCHS = "$(ARCHS_STANDARD_32_BIT)";
				"CODE_SIGN_IDENTITY[sdk=iphoneos*]" = "iPhone Developer";
				GCC_C_LANGUAGE_STANDARD = gnu99;
				GCC_VERSION = com.apple.compilers.llvmgcc42;
				GCC_WARN_ABOUT_RETURN_TYPE = YES;
				GCC_WARN_UNUSED_VARIABLE = YES;
				IPHONEOS_DEPLOYMENT_TARGET = 4.3;
				OTHER_CFLAGS = "-DNS_BLOCK_ASSERTIONS=1";
				SDKROOT = iphoneos;
			};
			name = Release;
		};
		159A69F4140F2C0600704CA6 /* Debug */ = {
			isa = XCBuildConfiguration;
			buildSettings = {
				ALWAYS_SEARCH_USER_PATHS = NO;
				COPY_PHASE_STRIP = NO;
				GCC_DYNAMIC_NO_PIC = NO;
				GCC_PRECOMPILE_PREFIX_HEADER = YES;
				GCC_PREFIX_HEADER = "SimpleTable/SimpleTable-Prefix.pch";
				INFOPLIST_FILE = "SimpleTable/SimpleTable-Info.plist";
				PRODUCT_NAME = "$(TARGET_NAME)";
				WRAPPER_EXTENSION = app;
			};
			name = Debug;
		};
		159A69F5140F2C0600704CA6 /* Release */ = {
			isa = XCBuildConfiguration;
			buildSettings = {
				ALWAYS_SEARCH_USER_PATHS = NO;
				COPY_PHASE_STRIP = YES;
				GCC_PRECOMPILE_PREFIX_HEADER = YES;
				GCC_PREFIX_HEADER = "SimpleTable/SimpleTable-Prefix.pch";
				INFOPLIST_FILE = "SimpleTable/SimpleTable-Info.plist";
				PRODUCT_NAME = "$(TARGET_NAME)";
				VALIDATE_PRODUCT = YES;
				WRAPPER_EXTENSION = app;
			};
			name = Release;
		};
/* End XCBuildConfiguration section */

/* Begin XCConfigurationList section */
		159A69CC140F2C0500704CA6 /* Build configuration list for PBXProject "SimpleTable" */ = {
			isa = XCConfigurationList;
			buildConfigurations = (
				159A69F1140F2C0600704CA6 /* Debug */,
				159A69F2140F2C0600704CA6 /* Release */,
			);
			defaultConfigurationIsVisible = 0;
			defaultConfigurationName = Release;
		};
		159A69F3140F2C0600704CA6 /* Build configuration list for PBXNativeTarget "SimpleTable" */ = {
			isa = XCConfigurationList;
			buildConfigurations = (
				159A69F4140F2C0600704CA6 /* Debug */,
				159A69F5140F2C0600704CA6 /* Release */,
			);
			defaultConfigurationIsVisible = 0;
		};
/* End XCConfigurationList section */
	};
	rootObject = 159A69C9140F2C0500704CA6 /* Project object */;
}
